
Microsoft Visual Studio Solution File, Format Version 12.00
# Visual Studio Version 17
VisualStudioVersion = 17.2.32519.379
MinimumVisualStudioVersion = 10.0.40219.1
Project("{FAE04EC0-301F-11D3-BF4B-00C04F79EFBC}") = "HerancaProfessorAluno", "HerancaProfessorAluno.csproj", "{7F47DEB1-F36B-490F-84C0-44BA9FBA864B}"
EndProject
Global
	GlobalSection(SolutionConfigurationPlatforms) = preSolution
		Debug|Any CPU = Debug|Any CPU
		Release|Any CPU = Release|Any CPU
	EndGlobalSection
	GlobalSection(ProjectConfigurationPlatforms) = postSolution
		{7F47DEB1-F36B-490F-84C0-44BA9FBA864B}.Debug|Any CPU.ActiveCfg = Debug|Any CPU
		{7F47DEB1-F36B-490F-84C0-44BA9FBA864B}.Debug|Any CPU.Build.0 = Debug|Any CPU
		{7F47DEB1-F36B-490F-84C0-44BA9FBA864B}.Release|Any CPU.ActiveCfg = Release|Any CPU
		{7F47DEB1-F36B-490F-84C0-44BA9FBA864B}.Release|Any CPU.Build.0 = Release|Any CPU
	EndGlobalSection
	GlobalSection(SolutionProperties) = preSolution
		HideSolutionNode = FALSE
	EndGlobalSection
	GlobalSection(ExtensibilityGlobals) = postSolution
		SolutionGuid = {E85B7ABD-37D8-4D98-82FE-56DBB8B8D246}
	EndGlobalSection
EndGlobal
